
Microsoft Visual Studio Solution File, Format Version 12.00
# Visual Studio Version 16
VisualStudioVersion = 16.0.31624.102
MinimumVisualStudioVersion = 10.0.40219.1
Project("{9A19103F-16F7-4668-BE54-9A1E7A4F7556}") = "ShopBridge", "ShopBridge\ShopBridge.csproj", "{0404F9B1-0923-4546-81DE-7304AB4E8E42}"
EndProject
Project("{FAE04EC0-301F-11D3-BF4B-00C04F79EFBC}") = "ShopBridge.Test", "ShopBridge.Test\ShopBridge.Test.csproj", "{7C6C7581-4D94-436C-9C81-2666B37CF197}"
EndProject
Project("{00D1A9C2-B5F0-4AF3-8072-F6C62B433612}") = "ShopBridge.Db", "ShopBridge.Db\ShopBridge.Db.sqlproj", "{7DCFD25B-52A2-428D-9BE0-B08DAB08A096}"
EndProject
Global
	GlobalSection(SolutionConfigurationPlatforms) = preSolution
		Debug|Any CPU = Debug|Any CPU
		Release|Any CPU = Release|Any CPU
	EndGlobalSection
	GlobalSection(ProjectConfigurationPlatforms) = postSolution
		{0404F9B1-0923-4546-81DE-7304AB4E8E42}.Debug|Any CPU.ActiveCfg = Debug|Any CPU
		{0404F9B1-0923-4546-81DE-7304AB4E8E42}.Debug|Any CPU.Build.0 = Debug|Any CPU
		{0404F9B1-0923-4546-81DE-7304AB4E8E42}.Release|Any CPU.ActiveCfg = Release|Any CPU
		{0404F9B1-0923-4546-81DE-7304AB4E8E42}.Release|Any CPU.Build.0 = Release|Any CPU
		{7C6C7581-4D94-436C-9C81-2666B37CF197}.Debug|Any CPU.ActiveCfg = Debug|Any CPU
		{7C6C7581-4D94-436C-9C81-2666B37CF197}.Debug|Any CPU.Build.0 = Debug|Any CPU
		{7C6C7581-4D94-436C-9C81-2666B37CF197}.Release|Any CPU.ActiveCfg = Release|Any CPU
		{7C6C7581-4D94-436C-9C81-2666B37CF197}.Release|Any CPU.Build.0 = Release|Any CPU
		{7DCFD25B-52A2-428D-9BE0-B08DAB08A096}.Debug|Any CPU.ActiveCfg = Debug|Any CPU
		{7DCFD25B-52A2-428D-9BE0-B08DAB08A096}.Debug|Any CPU.Build.0 = Debug|Any CPU
		{7DCFD25B-52A2-428D-9BE0-B08DAB08A096}.Debug|Any CPU.Deploy.0 = Debug|Any CPU
		{7DCFD25B-52A2-428D-9BE0-B08DAB08A096}.Release|Any CPU.ActiveCfg = Release|Any CPU
		{7DCFD25B-52A2-428D-9BE0-B08DAB08A096}.Release|Any CPU.Build.0 = Release|Any CPU
		{7DCFD25B-52A2-428D-9BE0-B08DAB08A096}.Release|Any CPU.Deploy.0 = Release|Any CPU
	EndGlobalSection
	GlobalSection(SolutionProperties) = preSolution
		HideSolutionNode = FALSE
	EndGlobalSection
	GlobalSection(ExtensibilityGlobals) = postSolution
		SolutionGuid = {27BA8DE5-5E1D-413F-82CA-072ABE706C52}
	EndGlobalSection
EndGlobal
